
Microsoft Visual Studio Solution File, Format Version 12.00
# Visual Studio Version 16
VisualStudioVersion = 16.0.29324.140
MinimumVisualStudioVersion = 10.0.40219.1
Project("{FAE04EC0-301F-11D3-BF4B-00C04F79EFBC}") = "Completionist", "Completionist\Completionist.csproj", "{602A2A16-E770-47BF-9FC7-C194F234218C}"
EndProject
Project("{2150E333-8FDC-42A3-9474-1A3956D46DE8}") = "Solution items", "Solution items", "{02EE01F2-D08C-491E-9F36-08A200CB2C16}"
	ProjectSection(SolutionItems) = preProject
		LICENSE = LICENSE
		README.md = README.md
	EndProjectSection
EndProject
Global
	GlobalSection(SolutionConfigurationPlatforms) = preSolution
		Debug|Any CPU = Debug|Any CPU
		Debug|x86 = Debug|x86
		Release|Any CPU = Release|Any CPU
		Release|x86 = Release|x86
	EndGlobalSection
	GlobalSection(ProjectConfigurationPlatforms) = postSolution
		{602A2A16-E770-47BF-9FC7-C194F234218C}.Debug|Any CPU.ActiveCfg = Debug|Any CPU
		{602A2A16-E770-47BF-9FC7-C194F234218C}.Debug|Any CPU.Build.0 = Debug|Any CPU
		{602A2A16-E770-47BF-9FC7-C194F234218C}.Debug|x86.ActiveCfg = Debug|x86
		{602A2A16-E770-47BF-9FC7-C194F234218C}.Debug|x86.Build.0 = Debug|x86
		{602A2A16-E770-47BF-9FC7-C194F234218C}.Release|Any CPU.ActiveCfg = Release|Any CPU
		{602A2A16-E770-47BF-9FC7-C194F234218C}.Release|Any CPU.Build.0 = Release|Any CPU
		{602A2A16-E770-47BF-9FC7-C194F234218C}.Release|x86.ActiveCfg = Release|x86
		{602A2A16-E770-47BF-9FC7-C194F234218C}.Release|x86.Build.0 = Release|x86
	EndGlobalSection
	GlobalSection(SolutionProperties) = preSolution
		HideSolutionNode = FALSE
	EndGlobalSection
	GlobalSection(ExtensibilityGlobals) = postSolution
		SolutionGuid = {C52CB1A4-B3FB-497F-88D9-C526133042A1}
	EndGlobalSection
EndGlobal
